// !$*UTF8*$!
{
	archiveVersion = 1;
	classes = {
	};
	objectVersion = 46;
	objects = {

/* Begin PBXBuildFile section */
		97785FAA1DEB6EC3002A31FB /* makefile in Sources */ = {isa = PBXBuildFile; fileRef = 97785FA81DEB6EC3002A31FB /* makefile */; };
		97785FB31DEB6ECD002A31FB /* foundation.cpp in Sources */ = {isa = PBXBuildFile; fileRef = 97785FAC1DEB6ECD002A31FB /* foundation.cpp */; };
		97785FB41DEB6ECD002A31FB /* file.cpp in Sources */ = {isa = PBXBuildFile; fileRef = 97785FAE1DEB6ECD002A31FB /* file.cpp */; };
		97785FB61DEB6ECD002A31FB /* console.cpp in Sources */ = {isa = PBXBuildFile; fileRef = 97785FB21DEB6ECD002A31FB /* console.cpp */; };
		979317841F242B65003E8AC5 /* eve.cpp in Sources */ = {isa = PBXBuildFile; fileRef = 97785FB01DEB6ECD002A31FB /* eve.cpp */; };
/* End PBXBuildFile section */

/* Begin PBXCopyFilesBuildPhase section */
		97785F991DEB6E0F002A31FB /* CopyFiles */ = {
			isa = PBXCopyFilesBuildPhase;
			buildActionMask = 2147483647;
			dstPath = /usr/share/man/man1/;
			dstSubfolderSpec = 0;
			files = (
			);
			runOnlyForDeploymentPostprocessing = 1;
		};
/* End PBXCopyFilesBuildPhase section */

/* Begin PBXFileReference section */
		97785F9B1DEB6E10002A31FB /* eve */ = {isa = PBXFileReference; explicitFileType = "compiled.mach-o.executable"; includeInIndex = 0; path = eve; sourceTree = BUILT_PRODUCTS_DIR; };
		97785FA51DEB6EC3002A31FB /* todo.txt */ = {isa = PBXFileReference; fileEncoding = 4; lastKnownFileType = text; path = todo.txt; sourceTree = "<group>"; };
		97785FA61DEB6EC3002A31FB /* test.h */ = {isa = PBXFileReference; fileEncoding = 4; lastKnownFileType = sourcecode.c.h; path = test.h; sourceTree = "<group>"; };
		97785FA71DEB6EC3002A31FB /* test.cpp */ = {isa = PBXFileReference; fileEncoding = 4; lastKnownFileType = sourcecode.cpp.cpp; path = test.cpp; sourceTree = "<group>"; };
		97785FA81DEB6EC3002A31FB /* makefile */ = {isa = PBXFileReference; fileEncoding = 4; lastKnownFileType = sourcecode.make; path = makefile; sourceTree = "<group>"; };
		97785FAB1DEB6ECD002A31FB /* foundation.h */ = {isa = PBXFileReference; fileEncoding = 4; lastKnownFileType = sourcecode.c.h; path = foundation.h; sourceTree = "<group>"; };
		97785FAC1DEB6ECD002A31FB /* foundation.cpp */ = {isa = PBXFileReference; fileEncoding = 4; lastKnownFileType = sourcecode.cpp.cpp; path = foundation.cpp; sourceTree = "<group>"; };
		97785FAD1DEB6ECD002A31FB /* file.h */ = {isa = PBXFileReference; fileEncoding = 4; lastKnownFileType = sourcecode.c.h; path = file.h; sourceTree = "<group>"; };
		97785FAE1DEB6ECD002A31FB /* file.cpp */ = {isa = PBXFileReference; fileEncoding = 4; lastKnownFileType = sourcecode.cpp.cpp; path = file.cpp; sourceTree = "<group>"; };
		97785FAF1DEB6ECD002A31FB /* eve.h */ = {isa = PBXFileReference; fileEncoding = 4; lastKnownFileType = sourcecode.c.h; path = eve.h; sourceTree = "<group>"; };
		97785FB01DEB6ECD002A31FB /* eve.cpp */ = {isa = PBXFileReference; fileEncoding = 4; lastKnownFileType = sourcecode.cpp.cpp; path = eve.cpp; sourceTree = "<group>"; };
		97785FB11DEB6ECD002A31FB /* console.h */ = {isa = PBXFileReference; fileEncoding = 4; lastKnownFileType = sourcecode.c.h; path = console.h; sourceTree = "<group>"; };
		97785FB21DEB6ECD002A31FB /* console.cpp */ = {isa = PBXFileReference; fileEncoding = 4; lastKnownFileType = sourcecode.cpp.cpp; path = console.cpp; sourceTree = "<group>"; };
/* End PBXFileReference section */

/* Begin PBXFrameworksBuildPhase section */
		97785F981DEB6E0F002A31FB /* Frameworks */ = {
			isa = PBXFrameworksBuildPhase;
			buildActionMask = 2147483647;
			files = (
			);
			runOnlyForDeploymentPostprocessing = 0;
		};
/* End PBXFrameworksBuildPhase section */

/* Begin PBXGroup section */
		97785F921DEB6E0F002A31FB = {
			isa = PBXGroup;
			children = (
				97785F9D1DEB6E10002A31FB /* eve */,
				97785F9C1DEB6E10002A31FB /* Products */,
			);
			sourceTree = "<group>";
		};
		97785F9C1DEB6E10002A31FB /* Products */ = {
			isa = PBXGroup;
			children = (
				97785F9B1DEB6E10002A31FB /* eve */,
			);
			name = Products;
			sourceTree = "<group>";
		};
		97785F9D1DEB6E10002A31FB /* eve */ = {
			isa = PBXGroup;
			children = (
				97785FAB1DEB6ECD002A31FB /* foundation.h */,
				97785FAC1DEB6ECD002A31FB /* foundation.cpp */,
				97785FAD1DEB6ECD002A31FB /* file.h */,
				97785FAE1DEB6ECD002A31FB /* file.cpp */,
				97785FAF1DEB6ECD002A31FB /* eve.h */,
				97785FB01DEB6ECD002A31FB /* eve.cpp */,
				97785FB11DEB6ECD002A31FB /* console.h */,
				97785FB21DEB6ECD002A31FB /* console.cpp */,
				97785FA51DEB6EC3002A31FB /* todo.txt */,
				97785FA61DEB6EC3002A31FB /* test.h */,
				97785FA71DEB6EC3002A31FB /* test.cpp */,
				97785FA81DEB6EC3002A31FB /* makefile */,
			);
			path = eve;
			sourceTree = "<group>";
		};
/* End PBXGroup section */

/* Begin PBXNativeTarget section */
		97785F9A1DEB6E0F002A31FB /* eve */ = {
			isa = PBXNativeTarget;
			buildConfigurationList = 97785FA21DEB6E10002A31FB /* Build configuration list for PBXNativeTarget "eve" */;
			buildPhases = (
				97785F971DEB6E0F002A31FB /* Sources */,
				97785F981DEB6E0F002A31FB /* Frameworks */,
				97785F991DEB6E0F002A31FB /* CopyFiles */,
			);
			buildRules = (
			);
			dependencies = (
			);
			name = eve;
			productName = eve;
			productReference = 97785F9B1DEB6E10002A31FB /* eve */;
			productType = "com.apple.product-type.tool";
		};
/* End PBXNativeTarget section */

/* Begin PBXProject section */
		97785F931DEB6E0F002A31FB /* Project object */ = {
			isa = PBXProject;
			attributes = {
				LastUpgradeCheck = 0820;
				ORGANIZATIONNAME = "Andrey Levichev";
				TargetAttributes = {
					97785F9A1DEB6E0F002A31FB = {
						CreatedOnToolsVersion = 8.1;
						DevelopmentTeam = 467ZA4MKJS;
						ProvisioningStyle = Automatic;
					};
				};
			};
			buildConfigurationList = 97785F961DEB6E0F002A31FB /* Build configuration list for PBXProject "eve" */;
			compatibilityVersion = "Xcode 3.2";
			developmentRegion = English;
			hasScannedForEncodings = 0;
			knownRegions = (
				en,
			);
			mainGroup = 97785F921DEB6E0F002A31FB;
			productRefGroup = 97785F9C1DEB6E10002A31FB /* Products */;
			projectDirPath = "";
			projectRoot = "";
			targets = (
				97785F9A1DEB6E0F002A31FB /* eve */,
			);
		};
/* End PBXProject section */

/* Begin PBXSourcesBuildPhase section */
		97785F971DEB6E0F002A31FB /* Sources */ = {
			isa = PBXSourcesBuildPhase;
			buildActionMask = 2147483647;
			files = (
				97785FB31DEB6ECD002A31FB /* foundation.cpp in Sources */,
				97785FB41DEB6ECD002A31FB /* file.cpp in Sources */,
				97785FB61DEB6ECD002A31FB /* console.cpp in Sources */,
				97785FAA1DEB6EC3002A31FB /* makefile in Sources */,
				979317841F242B65003E8AC5 /* eve.cpp in Sources */,
			);
			runOnlyForDeploymentPostprocessing = 0;
		};
/* End PBXSourcesBuildPhase section */

/* Begin XCBuildConfiguration section */
		97785FA01DEB6E10002A31FB /* Debug */ = {
			isa = XCBuildConfiguration;
			buildSettings = {
				ALWAYS_SEARCH_USER_PATHS = YES;
				CLANG_ANALYZER_NONNULL = YES;
				CLANG_CXX_LANGUAGE_STANDARD = "gnu++0x";
				CLANG_CXX_LIBRARY = "libc++";
				CLANG_ENABLE_MODULES = YES;
				CLANG_ENABLE_OBJC_ARC = YES;
				CLANG_WARN_BOOL_CONVERSION = YES;
				CLANG_WARN_CONSTANT_CONVERSION = YES;
				CLANG_WARN_DIRECT_OBJC_ISA_USAGE = YES_ERROR;
				CLANG_WARN_DOCUMENTATION_COMMENTS = YES;
				CLANG_WARN_EMPTY_BODY = YES;
				CLANG_WARN_ENUM_CONVERSION = YES;
				CLANG_WARN_INFINITE_RECURSION = YES;
				CLANG_WARN_INT_CONVERSION = YES;
				CLANG_WARN_OBJC_ROOT_CLASS = YES_ERROR;
				CLANG_WARN_SUSPICIOUS_MOVE = YES;
				CLANG_WARN_SUSPICIOUS_MOVES = YES;
				CLANG_WARN_UNREACHABLE_CODE = YES;
				CLANG_WARN__DUPLICATE_METHOD_MATCH = YES;
				CODE_SIGN_IDENTITY = "-";
				COPY_PHASE_STRIP = NO;
				DEBUG_INFORMATION_FORMAT = dwarf;
				ENABLE_STRICT_OBJC_MSGSEND = YES;
				ENABLE_TESTABILITY = YES;
				GCC_C_LANGUAGE_STANDARD = gnu99;
				GCC_DYNAMIC_NO_PIC = NO;
				GCC_NO_COMMON_BLOCKS = YES;
				GCC_OPTIMIZATION_LEVEL = 0;
				GCC_PREPROCESSOR_DEFINITIONS = (
					"DEBUG=1",
					"$(inherited)",
				);
				GCC_WARN_64_TO_32_BIT_CONVERSION = YES;
				GCC_WARN_ABOUT_RETURN_TYPE = YES_ERROR;
				GCC_WARN_UNDECLARED_SELECTOR = YES;
				GCC_WARN_UNINITIALIZED_AUTOS = YES_AGGRESSIVE;
				GCC_WARN_UNUSED_FUNCTION = YES;
				GCC_WARN_UNUSED_VARIABLE = YES;
				HEADER_SEARCH_PATHS = .;
				MACOSX_DEPLOYMENT_TARGET = 10.12;
				MTL_ENABLE_DEBUG_INFO = YES;
				ONLY_ACTIVE_ARCH = YES;
				SDKROOT = macosx;
			};
			name = Debug;
		};
		97785FA11DEB6E10002A31FB /* Release */ = {
			isa = XCBuildConfiguration;
			buildSettings = {
				ALWAYS_SEARCH_USER_PATHS = YES;
				CLANG_ANALYZER_NONNULL = YES;
				CLANG_CXX_LANGUAGE_STANDARD = "gnu++0x";
				CLANG_CXX_LIBRARY = "libc++";
				CLANG_ENABLE_MODULES = YES;
				CLANG_ENABLE_OBJC_ARC = YES;
				CLANG_WARN_BOOL_CONVERSION = YES;
				CLANG_WARN_CONSTANT_CONVERSION = YES;
				CLANG_WARN_DIRECT_OBJC_ISA_USAGE = YES_ERROR;
				CLANG_WARN_DOCUMENTATION_COMMENTS = YES;
				CLANG_WARN_EMPTY_BODY = YES;
				CLANG_WARN_ENUM_CONVERSION = YES;
				CLANG_WARN_INFINITE_RECURSION = YES;
				CLANG_WARN_INT_CONVERSION = YES;
				CLANG_WARN_OBJC_ROOT_CLASS = YES_ERROR;
				CLANG_WARN_SUSPICIOUS_MOVE = YES;
				CLANG_WARN_SUSPICIOUS_MOVES = YES;
				CLANG_WARN_UNREACHABLE_CODE = YES;
				CLANG_WARN__DUPLICATE_METHOD_MATCH = YES;
				CODE_SIGN_IDENTITY = "-";
				COPY_PHASE_STRIP = NO;
				DEBUG_INFORMATION_FORMAT = "dwarf-with-dsym";
				ENABLE_NS_ASSERTIONS = NO;
				ENABLE_STRICT_OBJC_MSGSEND = YES;
				GCC_C_LANGUAGE_STANDARD = gnu99;
				GCC_NO_COMMON_BLOCKS = YES;
				GCC_WARN_64_TO_32_BIT_CONVERSION = YES;
				GCC_WARN_ABOUT_RETURN_TYPE = YES_ERROR;
				GCC_WARN_UNDECLARED_SELECTOR = YES;
				GCC_WARN_UNINITIALIZED_AUTOS = YES_AGGRESSIVE;
				GCC_WARN_UNUSED_FUNCTION = YES;
				GCC_WARN_UNUSED_VARIABLE = YES;
				HEADER_SEARCH_PATHS = .;
				MACOSX_DEPLOYMENT_TARGET = 10.12;
				MTL_ENABLE_DEBUG_INFO = NO;
				SDKROOT = macosx;
			};
			name = Release;
		};
		97785FA31DEB6E10002A31FB /* Debug */ = {
			isa = XCBuildConfiguration;
			buildSettings = {
				DEVELOPMENT_TEAM = 467ZA4MKJS;
				PRODUCT_NAME = "$(TARGET_NAME)";
			};
			name = Debug;
		};
		97785FA41DEB6E10002A31FB /* Release */ = {
			isa = XCBuildConfiguration;
			buildSettings = {
				DEVELOPMENT_TEAM = 467ZA4MKJS;
				PRODUCT_NAME = "$(TARGET_NAME)";
			};
			name = Release;
		};
/* End XCBuildConfiguration section */

/* Begin XCConfigurationList section */
		97785F961DEB6E0F002A31FB /* Build configuration list for PBXProject "eve" */ = {
			isa = XCConfigurationList;
			buildConfigurations = (
				97785FA01DEB6E10002A31FB /* Debug */,
				97785FA11DEB6E10002A31FB /* Release */,
			);
			defaultConfigurationIsVisible = 0;
			defaultConfigurationName = Release;
		};
		97785FA21DEB6E10002A31FB /* Build configuration list for PBXNativeTarget "eve" */ = {
			isa = XCConfigurationList;
			buildConfigurations = (
				97785FA31DEB6E10002A31FB /* Debug */,
				97785FA41DEB6E10002A31FB /* Release */,
			);
			defaultConfigurationIsVisible = 0;
			defaultConfigurationName = Release;
		};
/* End XCConfigurationList section */
	};
	rootObject = 97785F931DEB6E0F002A31FB /* Project object */;
}
